PODS:
  - BigInt (5.2.0)
  - TonSwift (0.0.1):
    - BigInt
  - TonSwift/Tests (0.0.1):
    - BigInt

DEPENDENCIES:
  - TonSwift (from `../`)
  - TonSwift/Tests (from `../`)

SPEC REPOS:
  trunk:
    - BigInt

EXTERNAL SOURCES:
  TonSwift:
    :path: "../"

SPEC CHECKSUMS:
  BigInt: f668a80089607f521586bbe29513d708491ef2f7
  TonSwift: 10a7687b59d762361f4314d05c9932859363edfa

PODFILE CHECKSUM: 4414c00005d2c10cd52b412b3080f767ee316ec4

COCOAPODS: 1.11.3
