PODS:
  - BigInt (5.2.0)
  - TonSwift (1.0.3):
    - BigInt
    - TweetNacl
  - TonSwift/Tests (1.0.3):
    - BigInt
    - TweetNacl
  - TweetNacl (1.0.2)

DEPENDENCIES:
  - TonSwift (from `../`)
  - TonSwift/Tests (from `../`)

SPEC REPOS:
  trunk:
    - BigInt
    - TweetNacl

EXTERNAL SOURCES:
  TonSwift:
    :path: "../"

SPEC CHECKSUMS:
  BigInt: f668a80089607f521586bbe29513d708491ef2f7
  TonSwift: 8263886e6a34c81a721cde1674cc70229a1d0d44
  TweetNacl: 3abf4d1d2082b0114e7a67410e300892448951e6

PODFILE CHECKSUM: adb693e82e588cc090eb72c366a3aff89a95e709

COCOAPODS: 1.15.2
