// !$*UTF8*$!
{
	archiveVersion = 1;
	classes = {
	};
	objectVersion = 56;
	objects = {

/* Begin PBXBuildFile section */
		C4F719F129B78310007DA420 /* AppDelegate.swift in Sources */ = {isa = PBXBuildFile; fileRef = C4F719F029B78310007DA420 /* AppDelegate.swift */; };
		C4F719F329B78310007DA420 /* SceneDelegate.swift in Sources */ = {isa = PBXBuildFile; fileRef = C4F719F229B78310007DA420 /* SceneDelegate.swift */; };
		C4F719F529B78310007DA420 /* ViewController.swift in Sources */ = {isa = PBXBuildFile; fileRef = C4F719F429B78310007DA420 /* ViewController.swift */; };
		C4F719F829B78310007DA420 /* Main.storyboard in Resources */ = {isa = PBXBuildFile; fileRef = C4F719F629B78310007DA420 /* Main.storyboard */; };
		C4F719FA29B78312007DA420 /* Assets.xcassets in Resources */ = {isa = PBXBuildFile; fileRef = C4F719F929B78312007DA420 /* Assets.xcassets */; };
		C4F719FD29B78312007DA420 /* LaunchScreen.storyboard in Resources */ = {isa = PBXBuildFile; fileRef = C4F719FB29B78312007DA420 /* LaunchScreen.storyboard */; };
		E5CEDFF4F79CF95540F557F5 /* Pods_ton_swift_example.framework in Frameworks */ = {isa = PBXBuildFile; fileRef = 87E5ED7825AF6BAD11ADB00F /* Pods_ton_swift_example.framework */; };
/* End PBXBuildFile section */

/* Begin PBXFileReference section */
		87E5ED7825AF6BAD11ADB00F /* Pods_ton_swift_example.framework */ = {isa = PBXFileReference; explicitFileType = wrapper.framework; includeInIndex = 0; path = Pods_ton_swift_example.framework; sourceTree = BUILT_PRODUCTS_DIR; };
		C23052E06E31A944A999C669 /* Pods-ton-swift-example.release.xcconfig */ = {isa = PBXFileReference; includeInIndex = 1; lastKnownFileType = text.xcconfig; name = "Pods-ton-swift-example.release.xcconfig"; path = "Target Support Files/Pods-ton-swift-example/Pods-ton-swift-example.release.xcconfig"; sourceTree = "<group>"; };
		C4F719ED29B78310007DA420 /* ton-swift-example.app */ = {isa = PBXFileReference; explicitFileType = wrapper.application; includeInIndex = 0; path = "ton-swift-example.app"; sourceTree = BUILT_PRODUCTS_DIR; };
		C4F719F029B78310007DA420 /* AppDelegate.swift */ = {isa = PBXFileReference; lastKnownFileType = sourcecode.swift; path = AppDelegate.swift; sourceTree = "<group>"; };
		C4F719F229B78310007DA420 /* SceneDelegate.swift */ = {isa = PBXFileReference; lastKnownFileType = sourcecode.swift; path = SceneDelegate.swift; sourceTree = "<group>"; };
		C4F719F429B78310007DA420 /* ViewController.swift */ = {isa = PBXFileReference; lastKnownFileType = sourcecode.swift; path = ViewController.swift; sourceTree = "<group>"; };
		C4F719F729B78310007DA420 /* Base */ = {isa = PBXFileReference; lastKnownFileType = file.storyboard; name = Base; path = Base.lproj/Main.storyboard; sourceTree = "<group>"; };
		C4F719F929B78312007DA420 /* Assets.xcassets */ = {isa = PBXFileReference; lastKnownFileType = folder.assetcatalog; path = Assets.xcassets; sourceTree = "<group>"; };
		C4F719FC29B78312007DA420 /* Base */ = {isa = PBXFileReference; lastKnownFileType = file.storyboard; name = Base; path = Base.lproj/LaunchScreen.storyboard; sourceTree = "<group>"; };
		C4F719FE29B78312007DA420 /* Info.plist */ = {isa = PBXFileReference; lastKnownFileType = text.plist.xml; path = Info.plist; sourceTree = "<group>"; };
		E564F6C6E8FA882E744906B5 /* Pods-ton-swift-example.debug.xcconfig */ = {isa = PBXFileReference; includeInIndex = 1; lastKnownFileType = text.xcconfig; name = "Pods-ton-swift-example.debug.xcconfig"; path = "Target Support Files/Pods-ton-swift-example/Pods-ton-swift-example.debug.xcconfig"; sourceTree = "<group>"; };
/* End PBXFileReference section */

/* Begin PBXFrameworksBuildPhase section */
		C4F719EA29B78310007DA420 /* Frameworks */ = {
			isa = PBXFrameworksBuildPhase;
			buildActionMask = 2147483647;
			files = (
				E5CEDFF4F79CF95540F557F5 /* Pods_ton_swift_example.framework in Frameworks */,
			);
			runOnlyForDeploymentPostprocessing = 0;
		};
/* End PBXFrameworksBuildPhase section */

/* Begin PBXGroup section */
		52F43C25BA10AAB830228CE5 /* Frameworks */ = {
			isa = PBXGroup;
			children = (
				87E5ED7825AF6BAD11ADB00F /* Pods_ton_swift_example.framework */,
			);
			name = Frameworks;
			sourceTree = "<group>";
		};
		C4F719E429B78310007DA420 = {
			isa = PBXGroup;
			children = (
				C4F719EF29B78310007DA420 /* ton-swift-example */,
				C4F719EE29B78310007DA420 /* Products */,
				F04AC1EA53F9AFA0CBFCE17C /* Pods */,
				52F43C25BA10AAB830228CE5 /* Frameworks */,
			);
			sourceTree = "<group>";
		};
		C4F719EE29B78310007DA420 /* Products */ = {
			isa = PBXGroup;
			children = (
				C4F719ED29B78310007DA420 /* ton-swift-example.app */,
			);
			name = Products;
			sourceTree = "<group>";
		};
		C4F719EF29B78310007DA420 /* ton-swift-example */ = {
			isa = PBXGroup;
			children = (
				C4F719F029B78310007DA420 /* AppDelegate.swift */,
				C4F719F229B78310007DA420 /* SceneDelegate.swift */,
				C4F719F429B78310007DA420 /* ViewController.swift */,
				C4F719F629B78310007DA420 /* Main.storyboard */,
				C4F719F929B78312007DA420 /* Assets.xcassets */,
				C4F719FB29B78312007DA420 /* LaunchScreen.storyboard */,
				C4F719FE29B78312007DA420 /* Info.plist */,
			);
			path = "ton-swift-example";
			sourceTree = "<group>";
		};
		F04AC1EA53F9AFA0CBFCE17C /* Pods */ = {
			isa = PBXGroup;
			children = (
				E564F6C6E8FA882E744906B5 /* Pods-ton-swift-example.debug.xcconfig */,
				C23052E06E31A944A999C669 /* Pods-ton-swift-example.release.xcconfig */,
			);
			name = Pods;
			path = Pods;
			sourceTree = "<group>";
		};
/* End PBXGroup section */

/* Begin PBXNativeTarget section */
		C4F719EC29B78310007DA420 /* ton-swift-example */ = {
			isa = PBXNativeTarget;
			buildConfigurationList = C4F71A0129B78312007DA420 /* Build configuration list for PBXNativeTarget "ton-swift-example" */;
			buildPhases = (
				EF49D464D8DB1BF8E3876B0B /* [CP] Check Pods Manifest.lock */,
				C4F719E929B78310007DA420 /* Sources */,
				C4F719EA29B78310007DA420 /* Frameworks */,
				C4F719EB29B78310007DA420 /* Resources */,
				F9B1BD10DA69C501E5CBA764 /* [CP] Embed Pods Frameworks */,
			);
			buildRules = (
			);
			dependencies = (
			);
			name = "ton-swift-example";
			productName = "ton-swift-example";
			productReference = C4F719ED29B78310007DA420 /* ton-swift-example.app */;
			productType = "com.apple.product-type.application";
		};
/* End PBXNativeTarget section */

/* Begin PBXProject section */
		C4F719E529B78310007DA420 /* Project object */ = {
			isa = PBXProject;
			attributes = {
				BuildIndependentTargetsInParallel = 1;
				LastSwiftUpdateCheck = 1420;
				LastUpgradeCheck = 1420;
				TargetAttributes = {
					C4F719EC29B78310007DA420 = {
						CreatedOnToolsVersion = 14.2;
					};
				};
			};
			buildConfigurationList = C4F719E829B78310007DA420 /* Build configuration list for PBXProject "ton-swift-example" */;
			compatibilityVersion = "Xcode 14.0";
			developmentRegion = en;
			hasScannedForEncodings = 0;
			knownRegions = (
				en,
				Base,
			);
			mainGroup = C4F719E429B78310007DA420;
			productRefGroup = C4F719EE29B78310007DA420 /* Products */;
			projectDirPath = "";
			projectRoot = "";
			targets = (
				C4F719EC29B78310007DA420 /* ton-swift-example */,
			);
		};
/* End PBXProject section */

/* Begin PBXResourcesBuildPhase section */
		C4F719EB29B78310007DA420 /* Resources */ = {
			isa = PBXResourcesBuildPhase;
			buildActionMask = 2147483647;
			files = (
				C4F719FD29B78312007DA420 /* LaunchScreen.storyboard in Resources */,
				C4F719FA29B78312007DA420 /* Assets.xcassets in Resources */,
				C4F719F829B78310007DA420 /* Main.storyboard in Resources */,
			);
			runOnlyForDeploymentPostprocessing = 0;
		};
/* End PBXResourcesBuildPhase section */

/* Begin PBXShellScriptBuildPhase section */
		EF49D464D8DB1BF8E3876B0B /* [CP] Check Pods Manifest.lock */ = {
			isa = PBXShellScriptBuildPhase;
			buildActionMask = 2147483647;
			files = (
			);
			inputFileListPaths = (
			);
			inputPaths = (
				"${PODS_PODFILE_DIR_PATH}/Podfile.lock",
				"${PODS_ROOT}/Manifest.lock",
			);
			name = "[CP] Check Pods Manifest.lock";
			outputFileListPaths = (
			);
			outputPaths = (
				"$(DERIVED_FILE_DIR)/Pods-ton-swift-example-checkManifestLockResult.txt",
			);
			runOnlyForDeploymentPostprocessing = 0;
			shellPath = /bin/sh;
			shellScript = "diff \"${PODS_PODFILE_DIR_PATH}/Podfile.lock\" \"${PODS_ROOT}/Manifest.lock\" > /dev/null\nif [ $? != 0 ] ; then\n    # print error to STDERR\n    echo \"error: The sandbox is not in sync with the Podfile.lock. Run 'pod install' or update your CocoaPods installation.\" >&2\n    exit 1\nfi\n# This output is used by Xcode 'outputs' to avoid re-running this script phase.\necho \"SUCCESS\" > \"${SCRIPT_OUTPUT_FILE_0}\"\n";
			showEnvVarsInLog = 0;
		};
		F9B1BD10DA69C501E5CBA764 /* [CP] Embed Pods Frameworks */ = {
			isa = PBXShellScriptBuildPhase;
			buildActionMask = 2147483647;
			files = (
			);
			inputFileListPaths = (
				"${PODS_ROOT}/Target Support Files/Pods-ton-swift-example/Pods-ton-swift-example-frameworks-${CONFIGURATION}-input-files.xcfilelist",
			);
			name = "[CP] Embed Pods Frameworks";
			outputFileListPaths = (
				"${PODS_ROOT}/Target Support Files/Pods-ton-swift-example/Pods-ton-swift-example-frameworks-${CONFIGURATION}-output-files.xcfilelist",
			);
			runOnlyForDeploymentPostprocessing = 0;
			shellPath = /bin/sh;
			shellScript = "\"${PODS_ROOT}/Target Support Files/Pods-ton-swift-example/Pods-ton-swift-example-frameworks.sh\"\n";
			showEnvVarsInLog = 0;
		};
/* End PBXShellScriptBuildPhase section */

/* Begin PBXSourcesBuildPhase section */
		C4F719E929B78310007DA420 /* Sources */ = {
			isa = PBXSourcesBuildPhase;
			buildActionMask = 2147483647;
			files = (
				C4F719F529B78310007DA420 /* ViewController.swift in Sources */,
				C4F719F129B78310007DA420 /* AppDelegate.swift in Sources */,
				C4F719F329B78310007DA420 /* SceneDelegate.swift in Sources */,
			);
			runOnlyForDeploymentPostprocessing = 0;
		};
/* End PBXSourcesBuildPhase section */

/* Begin PBXVariantGroup section */
		C4F719F629B78310007DA420 /* Main.storyboard */ = {
			isa = PBXVariantGroup;
			children = (
				C4F719F729B78310007DA420 /* Base */,
			);
			name = Main.storyboard;
			sourceTree = "<group>";
		};
		C4F719FB29B78312007DA420 /* LaunchScreen.storyboard */ = {
			isa = PBXVariantGroup;
			children = (
				C4F719FC29B78312007DA420 /* Base */,
			);
			name = LaunchScreen.storyboard;
			sourceTree = "<group>";
		};
/* End PBXVariantGroup section */

/* Begin XCBuildConfiguration section */
		C4F719FF29B78312007DA420 /* Debug */ = {
			isa = XCBuildConfiguration;
			buildSettings = {
				ALWAYS_SEARCH_USER_PATHS = NO;
				CLANG_ANALYZER_NONNULL = YES;
				CLANG_ANALYZER_NUMBER_OBJECT_CONVERSION = YES_AGGRESSIVE;
				CLANG_CXX_LANGUAGE_STANDARD = "gnu++20";
				CLANG_ENABLE_MODULES = YES;
				CLANG_ENABLE_OBJC_ARC = YES;
				CLANG_ENABLE_OBJC_WEAK = YES;
				CLANG_WARN_BLOCK_CAPTURE_AUTORELEASING = YES;
				CLANG_WARN_BOOL_CONVERSION = YES;
				CLANG_WARN_COMMA = YES;
				CLANG_WARN_CONSTANT_CONVERSION = YES;
				CLANG_WARN_DEPRECATED_OBJC_IMPLEMENTATIONS = YES;
				CLANG_WARN_DIRECT_OBJC_ISA_USAGE = YES_ERROR;
				CLANG_WARN_DOCUMENTATION_COMMENTS = YES;
				CLANG_WARN_EMPTY_BODY = YES;
				CLANG_WARN_ENUM_CONVERSION = YES;
				CLANG_WARN_INFINITE_RECURSION = YES;
				CLANG_WARN_INT_CONVERSION = YES;
				CLANG_WARN_NON_LITERAL_NULL_CONVERSION = YES;
				CLANG_WARN_OBJC_IMPLICIT_RETAIN_SELF = YES;
				CLANG_WARN_OBJC_LITERAL_CONVERSION = YES;
				CLANG_WARN_OBJC_ROOT_CLASS = YES_ERROR;
				CLANG_WARN_QUOTED_INCLUDE_IN_FRAMEWORK_HEADER = YES;
				CLANG_WARN_RANGE_LOOP_ANALYSIS = YES;
				CLANG_WARN_STRICT_PROTOTYPES = YES;
				CLANG_WARN_SUSPICIOUS_MOVE = YES;
				CLANG_WARN_UNGUARDED_AVAILABILITY = YES_AGGRESSIVE;
				CLANG_WARN_UNREACHABLE_CODE = YES;
				CLANG_WARN__DUPLICATE_METHOD_MATCH = YES;
				COPY_PHASE_STRIP = NO;
				DEBUG_INFORMATION_FORMAT = dwarf;
				ENABLE_STRICT_OBJC_MSGSEND = YES;
				ENABLE_TESTABILITY = YES;
				GCC_C_LANGUAGE_STANDARD = gnu11;
				GCC_DYNAMIC_NO_PIC = NO;
				GCC_NO_COMMON_BLOCKS = YES;
				GCC_OPTIMIZATION_LEVEL = 0;
				GCC_PREPROCESSOR_DEFINITIONS = (
					"DEBUG=1",
					"$(inherited)",
				);
				GCC_WARN_64_TO_32_BIT_CONVERSION = YES;
				GCC_WARN_ABOUT_RETURN_TYPE = YES_ERROR;
				GCC_WARN_UNDECLARED_SELECTOR = YES;
				GCC_WARN_UNINITIALIZED_AUTOS = YES_AGGRESSIVE;
				GCC_WARN_UNUSED_FUNCTION = YES;
				GCC_WARN_UNUSED_VARIABLE = YES;
				IPHONEOS_DEPLOYMENT_TARGET = 16.2;
				MTL_ENABLE_DEBUG_INFO = INCLUDE_SOURCE;
				MTL_FAST_MATH = YES;
				ONLY_ACTIVE_ARCH = YES;
				SDKROOT = iphoneos;
				SWIFT_ACTIVE_COMPILATION_CONDITIONS = DEBUG;
				SWIFT_OPTIMIZATION_LEVEL = "-Onone";
			};
			name = Debug;
		};
		C4F71A0029B78312007DA420 /* Release */ = {
			isa = XCBuildConfiguration;
			buildSettings = {
				ALWAYS_SEARCH_USER_PATHS = NO;
				CLANG_ANALYZER_NONNULL = YES;
				CLANG_ANALYZER_NUMBER_OBJECT_CONVERSION = YES_AGGRESSIVE;
				CLANG_CXX_LANGUAGE_STANDARD = "gnu++20";
				CLANG_ENABLE_MODULES = YES;
				CLANG_ENABLE_OBJC_ARC = YES;
				CLANG_ENABLE_OBJC_WEAK = YES;
				CLANG_WARN_BLOCK_CAPTURE_AUTORELEASING = YES;
				CLANG_WARN_BOOL_CONVERSION = YES;
				CLANG_WARN_COMMA = YES;
				CLANG_WARN_CONSTANT_CONVERSION = YES;
				CLANG_WARN_DEPRECATED_OBJC_IMPLEMENTATIONS = YES;
				CLANG_WARN_DIRECT_OBJC_ISA_USAGE = YES_ERROR;
				CLANG_WARN_DOCUMENTATION_COMMENTS = YES;
				CLANG_WARN_EMPTY_BODY = YES;
				CLANG_WARN_ENUM_CONVERSION = YES;
				CLANG_WARN_INFINITE_RECURSION = YES;
				CLANG_WARN_INT_CONVERSION = YES;
				CLANG_WARN_NON_LITERAL_NULL_CONVERSION = YES;
				CLANG_WARN_OBJC_IMPLICIT_RETAIN_SELF = YES;
				CLANG_WARN_OBJC_LITERAL_CONVERSION = YES;
				CLANG_WARN_OBJC_ROOT_CLASS = YES_ERROR;
				CLANG_WARN_QUOTED_INCLUDE_IN_FRAMEWORK_HEADER = YES;
				CLANG_WARN_RANGE_LOOP_ANALYSIS = YES;
				CLANG_WARN_STRICT_PROTOTYPES = YES;
				CLANG_WARN_SUSPICIOUS_MOVE = YES;
				CLANG_WARN_UNGUARDED_AVAILABILITY = YES_AGGRESSIVE;
				CLANG_WARN_UNREACHABLE_CODE = YES;
				CLANG_WARN__DUPLICATE_METHOD_MATCH = YES;
				COPY_PHASE_STRIP = NO;
				DEBUG_INFORMATION_FORMAT = "dwarf-with-dsym";
				ENABLE_NS_ASSERTIONS = NO;
				ENABLE_STRICT_OBJC_MSGSEND = YES;
				GCC_C_LANGUAGE_STANDARD = gnu11;
				GCC_NO_COMMON_BLOCKS = YES;
				GCC_WARN_64_TO_32_BIT_CONVERSION = YES;
				GCC_WARN_ABOUT_RETURN_TYPE = YES_ERROR;
				GCC_WARN_UNDECLARED_SELECTOR = YES;
				GCC_WARN_UNINITIALIZED_AUTOS = YES_AGGRESSIVE;
				GCC_WARN_UNUSED_FUNCTION = YES;
				GCC_WARN_UNUSED_VARIABLE = YES;
				IPHONEOS_DEPLOYMENT_TARGET = 16.2;
				MTL_ENABLE_DEBUG_INFO = NO;
				MTL_FAST_MATH = YES;
				SDKROOT = iphoneos;
				SWIFT_COMPILATION_MODE = wholemodule;
				SWIFT_OPTIMIZATION_LEVEL = "-O";
				VALIDATE_PRODUCT = YES;
			};
			name = Release;
		};
		C4F71A0229B78312007DA420 /* Debug */ = {
			isa = XCBuildConfiguration;
			baseConfigurationReference = E564F6C6E8FA882E744906B5 /* Pods-ton-swift-example.debug.xcconfig */;
			buildSettings = {
				ASSETCATALOG_COMPILER_APPICON_NAME = AppIcon;
				ASSETCATALOG_COMPILER_GLOBAL_ACCENT_COLOR_NAME = AccentColor;
				CODE_SIGN_STYLE = Automatic;
				CURRENT_PROJECT_VERSION = 1;
				DEVELOPMENT_TEAM = CT523DK2KC;
				GENERATE_INFOPLIST_FILE = YES;
				INFOPLIST_FILE = "ton-swift-example/Info.plist";
				INFOPLIST_KEY_UIApplicationSupportsIndirectInputEvents = YES;
				INFOPLIST_KEY_UILaunchStoryboardName = LaunchScreen;
				INFOPLIST_KEY_UIMainStoryboardFile = Main;
				INFOPLIST_KEY_UISupportedInterfaceOrientations_iPad = "UIInterfaceOrientationPortrait UIInterfaceOrientationPortraitUpsideDown UIInterfaceOrientationLandscapeLeft UIInterfaceOrientationLandscapeRight";
				INFOPLIST_KEY_UISupportedInterfaceOrientations_iPhone = "UIInterfaceOrientationPortrait UIInterfaceOrientationLandscapeLeft UIInterfaceOrientationLandscapeRight";
				LD_RUNPATH_SEARCH_PATHS = (
					"$(inherited)",
					"@executable_path/Frameworks",
				);
				MARKETING_VERSION = 1.0;
				PRODUCT_BUNDLE_IDENTIFIER = "com.tonkeeper.ton-swift-example";
				PRODUCT_NAME = "$(TARGET_NAME)";
				SWIFT_EMIT_LOC_STRINGS = YES;
				SWIFT_VERSION = 5.0;
				TARGETED_DEVICE_FAMILY = "1,2";
			};
			name = Debug;
		};
		C4F71A0329B78312007DA420 /* Release */ = {
			isa = XCBuildConfiguration;
			baseConfigurationReference = C23052E06E31A944A999C669 /* Pods-ton-swift-example.release.xcconfig */;
			buildSettings = {
				ASSETCATALOG_COMPILER_APPICON_NAME = AppIcon;
				ASSETCATALOG_COMPILER_GLOBAL_ACCENT_COLOR_NAME = AccentColor;
				CODE_SIGN_STYLE = Automatic;
				CURRENT_PROJECT_VERSION = 1;
				DEVELOPMENT_TEAM = CT523DK2KC;
				GENERATE_INFOPLIST_FILE = YES;
				INFOPLIST_FILE = "ton-swift-example/Info.plist";
				INFOPLIST_KEY_UIApplicationSupportsIndirectInputEvents = YES;
				INFOPLIST_KEY_UILaunchStoryboardName = LaunchScreen;
				INFOPLIST_KEY_UIMainStoryboardFile = Main;
				INFOPLIST_KEY_UISupportedInterfaceOrientations_iPad = "UIInterfaceOrientationPortrait UIInterfaceOrientationPortraitUpsideDown UIInterfaceOrientationLandscapeLeft UIInterfaceOrientationLandscapeRight";
				INFOPLIST_KEY_UISupportedInterfaceOrientations_iPhone = "UIInterfaceOrientationPortrait UIInterfaceOrientationLandscapeLeft UIInterfaceOrientationLandscapeRight";
				LD_RUNPATH_SEARCH_PATHS = (
					"$(inherited)",
					"@executable_path/Frameworks",
				);
				MARKETING_VERSION = 1.0;
				PRODUCT_BUNDLE_IDENTIFIER = "com.tonkeeper.ton-swift-example";
				PRODUCT_NAME = "$(TARGET_NAME)";
				SWIFT_EMIT_LOC_STRINGS = YES;
				SWIFT_VERSION = 5.0;
				TARGETED_DEVICE_FAMILY = "1,2";
			};
			name = Release;
		};
/* End XCBuildConfiguration section */

/* Begin XCConfigurationList section */
		C4F719E829B78310007DA420 /* Build configuration list for PBXProject "ton-swift-example" */ = {
			isa = XCConfigurationList;
			buildConfigurations = (
				C4F719FF29B78312007DA420 /* Debug */,
				C4F71A0029B78312007DA420 /* Release */,
			);
			defaultConfigurationIsVisible = 0;
			defaultConfigurationName = Release;
		};
		C4F71A0129B78312007DA420 /* Build configuration list for PBXNativeTarget "ton-swift-example" */ = {
			isa = XCConfigurationList;
			buildConfigurations = (
				C4F71A0229B78312007DA420 /* Debug */,
				C4F71A0329B78312007DA420 /* Release */,
			);
			defaultConfigurationIsVisible = 0;
			defaultConfigurationName = Release;
		};
/* End XCConfigurationList section */
	};
	rootObject = C4F719E529B78310007DA420 /* Project object */;
}
